
Microsoft Visual Studio Solution File, Format Version 12.00
# Visual Studio Version 16
VisualStudioVersion = 16.0.30523.141
MinimumVisualStudioVersion = 10.0.40219.1
Project("{9A19103F-16F7-4668-BE54-9A1E7A4F7556}") = "com.CampMaster.Event", "com.CampMaster.Event\com.CampMaster.Event.csproj", "{CAAFFCAF-B918-4A7D-A1B3-9E3989F115B0}"
EndProject
Project("{FAE04EC0-301F-11D3-BF4B-00C04F79EFBC}") = "com.CampMaster.Event.Test", "com.CampMaster.Event.Test\com.CampMaster.Event.Test.csproj", "{1924D5B9-A16A-4964-AB6E-9619EFBDD70C}"
EndProject
Global
	GlobalSection(SolutionConfigurationPlatforms) = preSolution
		Debug|Any CPU = Debug|Any CPU
		Release|Any CPU = Release|Any CPU
	EndGlobalSection
	GlobalSection(ProjectConfigurationPlatforms) = postSolution
		{CAAFFCAF-B918-4A7D-A1B3-9E3989F115B0}.Debug|Any CPU.ActiveCfg = Debug|Any CPU
		{CAAFFCAF-B918-4A7D-A1B3-9E3989F115B0}.Debug|Any CPU.Build.0 = Debug|Any CPU
		{CAAFFCAF-B918-4A7D-A1B3-9E3989F115B0}.Release|Any CPU.ActiveCfg = Release|Any CPU
		{CAAFFCAF-B918-4A7D-A1B3-9E3989F115B0}.Release|Any CPU.Build.0 = Release|Any CPU
		{1924D5B9-A16A-4964-AB6E-9619EFBDD70C}.Debug|Any CPU.ActiveCfg = Debug|Any CPU
		{1924D5B9-A16A-4964-AB6E-9619EFBDD70C}.Debug|Any CPU.Build.0 = Debug|Any CPU
		{1924D5B9-A16A-4964-AB6E-9619EFBDD70C}.Release|Any CPU.ActiveCfg = Release|Any CPU
		{1924D5B9-A16A-4964-AB6E-9619EFBDD70C}.Release|Any CPU.Build.0 = Release|Any CPU
	EndGlobalSection
	GlobalSection(SolutionProperties) = preSolution
		HideSolutionNode = FALSE
	EndGlobalSection
	GlobalSection(ExtensibilityGlobals) = postSolution
		SolutionGuid = {7661BE6D-6077-4B70-9EC0-C3AF99CDDE84}
	EndGlobalSection
EndGlobal
