
Microsoft Visual Studio Solution File, Format Version 12.00
# Visual Studio Version 16
VisualStudioVersion = 16.0.30611.23
MinimumVisualStudioVersion = 10.0.40219.1
Project("{FAE04EC0-301F-11D3-BF4B-00C04F79EFBC}") = "com.CampMaster.WebUI", "com.CampMaster.WebUI\com.CampMaster.WebUI.csproj", "{0FD5C109-F49B-4E85-90EB-BF779805D079}"
EndProject
Project("{FAE04EC0-301F-11D3-BF4B-00C04F79EFBC}") = "com.CampMaster.WebUI.Test", "com.CampMaster.WebUI.Test\com.CampMaster.WebUI.Test.csproj", "{1ADC2692-6DFD-4507-85CF-D3D440083A50}"
EndProject
Global
	GlobalSection(SolutionConfigurationPlatforms) = preSolution
		Debug|Any CPU = Debug|Any CPU
		Release|Any CPU = Release|Any CPU
	EndGlobalSection
	GlobalSection(ProjectConfigurationPlatforms) = postSolution
		{0FD5C109-F49B-4E85-90EB-BF779805D079}.Debug|Any CPU.ActiveCfg = Debug|Any CPU
		{0FD5C109-F49B-4E85-90EB-BF779805D079}.Debug|Any CPU.Build.0 = Debug|Any CPU
		{0FD5C109-F49B-4E85-90EB-BF779805D079}.Release|Any CPU.ActiveCfg = Release|Any CPU
		{0FD5C109-F49B-4E85-90EB-BF779805D079}.Release|Any CPU.Build.0 = Release|Any CPU
		{1ADC2692-6DFD-4507-85CF-D3D440083A50}.Debug|Any CPU.ActiveCfg = Debug|Any CPU
		{1ADC2692-6DFD-4507-85CF-D3D440083A50}.Debug|Any CPU.Build.0 = Debug|Any CPU
		{1ADC2692-6DFD-4507-85CF-D3D440083A50}.Release|Any CPU.ActiveCfg = Release|Any CPU
		{1ADC2692-6DFD-4507-85CF-D3D440083A50}.Release|Any CPU.Build.0 = Release|Any CPU
	EndGlobalSection
	GlobalSection(SolutionProperties) = preSolution
		HideSolutionNode = FALSE
	EndGlobalSection
	GlobalSection(ExtensibilityGlobals) = postSolution
		SolutionGuid = {97483297-EEEE-404C-A702-26854241E325}
	EndGlobalSection
EndGlobal
